
Microsoft Visual Studio Solution File, Format Version 12.00
# Visual Studio Version 17
VisualStudioVersion = 17.14.36518.9 d17.14
MinimumVisualStudioVersion = 10.0.40219.1
Project("{FAE04EC0-301F-11D3-BF4B-00C04F79EFBC}") = "ScenarioBuilder", "ScenarioBuilder.csproj", "{0502F2DC-60C4-4B4C-AE07-457AB65015DA}"
EndProject
Global
	GlobalSection(SolutionConfigurationPlatforms) = preSolution
		Debug|Any CPU = Debug|Any CPU
		Release|Any CPU = Release|Any CPU
	EndGlobalSection
	GlobalSection(ProjectConfigurationPlatforms) = postSolution
		{0502F2DC-60C4-4B4C-AE07-457AB65015DA}.Debug|Any CPU.ActiveCfg = Debug|Any CPU
		{0502F2DC-60C4-4B4C-AE07-457AB65015DA}.Debug|Any CPU.Build.0 = Debug|Any CPU
		{0502F2DC-60C4-4B4C-AE07-457AB65015DA}.Release|Any CPU.ActiveCfg = Release|Any CPU
		{0502F2DC-60C4-4B4C-AE07-457AB65015DA}.Release|Any CPU.Build.0 = Release|Any CPU
	EndGlobalSection
	GlobalSection(SolutionProperties) = preSolution
		HideSolutionNode = FALSE
	EndGlobalSection
	GlobalSection(ExtensibilityGlobals) = postSolution
		SolutionGuid = {319B6D3F-13C6-48CE-8AF9-7CD2240F43BE}
	EndGlobalSection
EndGlobal
